PODS:
  - SwiftProtobuf (1.19.0)
  - TrusTWalletCore (2.9.5):
    - TrusTWalletCore/Core (= 2.9.5)
  - TrusTWalletCore/Core (2.9.5):
    - TrusTWalletCore/Types
  - TrusTWalletCore/Types (2.9.5):
    - SwiftProtobuf

DEPENDENCIES:
  - TrusTWalletCore

SPEC REPOS:
  trunk:
    - SwiftProtobuf
    - TrusTWalletCore

SPEC CHECKSUMS:
  SwiftProtobuf: 6ef3f0e422ef90d6605ca20b21a94f6c1324d6b3
  TrusTWalletCore: 52ec9b10c17c8d7443e848ff0e6adac4d39be9f0

PODFILE CHECKSUM: 68848e868fc9571d319a35d139d7901079a7fe36

COCOAPODS: 1.11.3
